{
  "version": "5",
  "specifiers": {
    "jsr:@std/assert@*": "1.0.19",
    "jsr:@std/internal@^1.0.12": "1.0.14"
  },
  "jsr": {
    "@std/assert@1.0.19": {
      "integrity": "eaada96ee120cb980bc47e040f82814d786fe8162ecc53c91d8df60b8755991e",
      "dependencies": [
        "jsr:@std/internal"
      ]
    },
    "@std/internal@1.0.14": {
      "integrity": "291516b3d4c35024d6ffbc0a9df5bf4c64116e05b50012cf846710152d2ffdf7"
    }
  },
  "redirects": {
    "https://esm.sh/@supabase/supabase-js@2": "https://esm.sh/@supabase/supabase-js@2.112.2",
    "https://esm.sh/iceberg-js@^0.8.1?target=denonext": "https://esm.sh/iceberg-js@0.8.1?target=denonext"
  },
  "remote": {
    "https://esm.sh/@supabase/auth-js@2.112.2/denonext/auth-js.mjs": "3669107df73ef5bfa4805b53f1ea559c8b1e6c0d6527678c331d697b66d8df33",
    "https://esm.sh/@supabase/functions-js@2.112.2/denonext/functions-js.mjs": "0da487bdd31f1a69dd830b9ca7e9447e40ac85711e44a427d5e1a7facee5f5fe",
    "https://esm.sh/@supabase/phoenix@0.4.5/denonext/phoenix.mjs": "40bd2a70829cd847848baac58e635bacd83fd62188f6624b44e2c295341004eb",
    "https://esm.sh/@supabase/postgrest-js@2.112.2/denonext/postgrest-js.mjs": "9cb048dddc85e688cc5c4ba4762b41711e847dff673aa5fe03fb79cddbb1dc4b",
    "https://esm.sh/@supabase/realtime-js@2.112.2/denonext/realtime-js.mjs": "266cb516a8864ae00dc1942236058439e354465c2f5a7e9394d2a0089259cce6",
    "https://esm.sh/@supabase/storage-js@2.112.2/denonext/storage-js.mjs": "67ed813a6cead8796fae56a907cc8aa2b63513f3d1055a3e5b8a089c22792269",
    "https://esm.sh/@supabase/supabase-js@2.112.2": "ea8a8dc3bcfe3cd929a9f6f83a5c266ad3f9d8101c34f71d465dd73f7ff1b796",
    "https://esm.sh/@supabase/supabase-js@2.112.2/denonext/dist/tracingRegistry.mjs": "f71be20c5e74da0109598deb9e11411b52540bfacbdca06756692424cc66cf5b",
    "https://esm.sh/@supabase/supabase-js@2.112.2/denonext/supabase-js.mjs": "2b4e480fa16e3e7fdb45a1424eef4cdca03fd7b504634c64c022a1ad6d25432a",
    "https://esm.sh/iceberg-js@0.8.1/denonext/iceberg-js.mjs": "d839d81a2e3966500ca2cdd0c1cb458e9608bacfc91f7bb67a69b2e878dcdb4f",
    "https://esm.sh/iceberg-js@0.8.1?target=denonext": "58c849d7fe2bf4eca4a84eb501e83c161a7d8c34ca1bec15a962b3bec3062633",
    "https://esm.sh/tslib@2.8.1/denonext/tslib.mjs": "c38da5dd6da6281964435002ce204cd586634fe3bdfb24a0ee116f48cf3292e9"
  },
  "workspace": {
    "packageJson": {
      "dependencies": [
        "npm:eslint-plugin-no-barrel-files@^2.2.0",
        "npm:ts-morph@28",
        "npm:turbo@^2.9.17"
      ]
    },
    "members": {
      "apps/mobile": {
        "packageJson": {
          "dependencies": [
            "npm:@bacons/apple-targets@^4.0.7",
            "npm:@bam.tech/react-native-app-security@~0.6.1",
            "npm:@better-auth/expo@^1.6.26",
            "npm:@better-auth/passkey@^1.6.26",
            "npm:@callstack/liquid-glass@0.7",
            "npm:@config-plugins/react-native-callkeep@14.0.1",
            "npm:@config-plugins/react-native-webrtc@15.0.1",
            "npm:@expo/html-elements@^56.0.1",
            "npm:@expo/metro-runtime@~57.0.8",
            "npm:@expo/ngrok@^4.1.3",
            "npm:@expo/ui@~57.0.9",
            "npm:@expo/vector-icons@^15.0.2",
            "npm:@fishjam-cloud/react-native-client@0.29.0",
            "npm:@fishjam-cloud/react-native-webrtc@0.29.0",
            "npm:@gorhom/bottom-sheet@^5.2.9",
            "npm:@legendapp/list@3.0.0-beta.44",
            "npm:@legendapp/motion@^2.5.3",
            "npm:@lodev09/react-native-true-sheet@^3.11.10",
            "npm:@nandorojo/galeria@3",
            "npm:@react-native-masked-view/masked-view@~0.3.2",
            "npm:@react-navigation/bottom-tabs@^7.17.1",
            "npm:@react-navigation/elements@^2.9.14",
            "npm:@react-navigation/native-stack@^7.14.11",
            "npm:@react-navigation/native@^7.2.2",
            "npm:@regulaforensics/react-native-face-api@^7.1.628",
            "npm:@rn-primitives/portal@1.4.0",
            "npm:@rn-primitives/progress@^1.4.0",
            "npm:@rn-primitives/slot@^1.4.0",
            "npm:@rn-primitives/switch@^1.4.0",
            "npm:@shopify/react-native-skia@2.6.2",
            "npm:@stripe/stripe-react-native@0.73.0",
            "npm:@supabase/supabase-js@^2.112.2",
            "npm:@tailwindcss/postcss@^4.3.0",
            "npm:@tanstack/pacer@~0.20.1",
            "npm:@tanstack/query-sync-storage-persister@^5.99.0",
            "npm:@tanstack/react-form@^1.29.0",
            "npm:@tanstack/react-pacer@~0.21.1",
            "npm:@tanstack/react-query-persist-client@^5.99.0",
            "npm:@tanstack/react-query@^5.99.0",
            "npm:@types/jest@30",
            "npm:@types/mocha@^10.0.10",
            "npm:@types/node@26.2.0",
            "npm:@types/pg@^8.20.0",
            "npm:@types/react-dom@~19.2.3",
            "npm:@types/react@~19.2.13",
            "npm:babel-plugin-transform-remove-console@^6.9.4",
            "npm:babel-preset-expo@~57.0.1",
            "npm:better-auth@^1.6.26",
            "npm:buffer@^6.0.3",
            "npm:class-variance-authority@~0.7.1",
            "npm:clsx@^2.1.1",
            "npm:eas-build-cache-provider@^18.0.2",
            "npm:eslint-config-expo@57.0",
            "npm:eslint@^9.25.0",
            "npm:expo-apple-authentication@~57.0.1",
            "npm:expo-asset@~57.0.9",
            "npm:expo-atlas@~0.4.3",
            "npm:expo-audio@~57.0.3",
            "npm:expo-background-task@~57.0.8",
            "npm:expo-battery@~57.0.1",
            "npm:expo-blur@~57.0.2",
            "npm:expo-build-properties@~57.0.9",
            "npm:expo-calendar@~57.0.1",
            "npm:expo-camera@~57.0.3",
            "npm:expo-clipboard@~57.0.1",
            "npm:expo-constants@~57.0.9",
            "npm:expo-contacts@~57.0.3",
            "npm:expo-crypto@~57.0.1",
            "npm:expo-dev-client@~57.0.10",
            "npm:expo-device@~57.0.1",
            "npm:expo-file-system@~57.0.2",
            "npm:expo-font@~57.0.1",
            "npm:expo-haptics@~57.0.1",
            "npm:expo-image-manipulator@~57.0.8",
            "npm:expo-image-picker@~57.0.8",
            "npm:expo-image@~57.0.2",
            "npm:expo-linear-gradient@~57.0.1",
            "npm:expo-linking@~57.0.5",
            "npm:expo-live-photo@~57.0.1",
            "npm:expo-local-authentication@~57.0.2",
            "npm:expo-localization@~57.0.1",
            "npm:expo-location@~57.0.8",
            "npm:expo-maps@~57.0.1",
            "npm:expo-media-library@~57.0.3",
            "npm:expo-network@~57.0.1",
            "npm:expo-notifications@~57.0.9",
            "npm:expo-paste-input@~0.2.1",
            "npm:expo-print@~57.0.1",
            "npm:expo-router@~57.0.11",
            "npm:expo-screen-capture@~57.0.1",
            "npm:expo-screen-orientation@~57.0.1",
            "npm:expo-secure-store@~57.0.1",
            "npm:expo-share-intent@^8.0.1",
            "npm:expo-sharing@~57.0.10",
            "npm:expo-sms@~57.0.1",
            "npm:expo-splash-screen@~57.0.5",
            "npm:expo-status-bar@~57.0.1",
            "npm:expo-symbols@~57.0.2",
            "npm:expo-system-ui@~57.0.2",
            "npm:expo-task-manager@~57.0.8",
            "npm:expo-updates@~57.0.12",
            "npm:expo-video-thumbnails@~57.0.1",
            "npm:expo-video@~57.0.2",
            "npm:expo-web-browser@~57.0.2",
            "npm:expo-widgets@~57.0.8",
            "npm:expo@~57.0.11",
            "npm:i18next-http-backend@^4.0.1",
            "npm:i18next@^26.0.5",
            "npm:lucide-react-native@^1.8.0",
            "npm:metro-resolver@0.84.3",
            "npm:metro@0.84.4",
            "npm:nativewind@5.0.0-preview.4",
            "npm:patch-package@^8.0.1",
            "npm:pg@^8.18.0",
            "npm:postcss@^8.5.26",
            "npm:prettier-plugin-tailwindcss@~0.6.10",
            "npm:prettier@^3.4.2",
            "npm:react-dom@19.2.3",
            "npm:react-i18next@^17.0.3",
            "npm:react-native-animated-glow@^3.0.1",
            "npm:react-native-audio-api@0.13.3",
            "npm:react-native-callkeep@^4.3.12",
            "npm:react-native-compressor@1.16.0",
            "npm:react-native-css@^3.0.7",
            "npm:react-native-drawer-layout@4.2.5",
            "npm:react-native-gesture-handler@2.32",
            "npm:react-native-get-random-values@1.11.0",
            "npm:react-native-google-mobile-ads@16.5.0",
            "npm:react-native-google-places-autocomplete@^2.6.4",
            "npm:react-native-image-colors@^2.6.0",
            "npm:react-native-incall-manager@^4.2.1",
            "npm:react-native-insta-story@^2.0.2",
            "npm:react-native-keyboard-controller@1.21.9",
            "npm:react-native-mmkv@^4.3.1",
            "npm:react-native-moq@0.3.0",
            "npm:react-native-nitro-image@0.14",
            "npm:react-native-nitro-modules@~0.35.7",
            "npm:react-native-pager-view@8.0.2",
            "npm:react-native-purchases@^10.7.0",
            "npm:react-native-qrcode-svg@6.3.21",
            "npm:react-native-reanimated@4.5.3",
            "npm:react-native-redraw@^0.0.1",
            "npm:react-native-safe-area-context@5.7",
            "npm:react-native-screen-transitions@^3.3.0",
            "npm:react-native-screens@4.26.2",
            "npm:react-native-star-rating-widget@^1.11.0",
            "npm:react-native-svg@15.15.4",
            "npm:react-native-video@7.0.0-beta.9",
            "npm:react-native-vision-camera-barcode-scanner@5.2.2",
            "npm:react-native-vision-camera@^5.2.2",
            "npm:react-native-voip-push-notification@^3.3.3",
            "npm:react-native-watch-connectivity@^1.1.0",
            "npm:react-native-web@~0.21.2",
            "npm:react-native-webgpu@0.10.2",
            "npm:react-native-webview@13.16.1",
            "npm:react-native-worklets@0.11.3",
            "npm:react-native-youtube-bridge@^2.2.0",
            "npm:react-native@0.86.0",
            "npm:react@19.2.3",
            "npm:sharp@~0.35.3",
            "npm:sonner-native@0.24",
            "npm:tailwind-merge@^3.6.0",
            "npm:tailwindcss-animate@1.0.7",
            "npm:tailwindcss@4.3.0",
            "npm:typescript@~6.0.3",
            "npm:zod@^4.3.6",
            "npm:zustand@^5.0.12"
          ]
        }
      },
      "apps/web": {
        "packageJson": {
          "dependencies": [
            "npm:@eslint/eslintrc@3",
            "npm:@fishjam-cloud/react-client@0.29.0",
            "npm:@fishjam-cloud/ts-client@0.29.0",
            "npm:@fishjam-cloud/webrtc-client@0.29.0",
            "npm:@legendapp/list@3.0.0-beta.44",
            "npm:@legendapp/motion@^2.5.3",
            "npm:@payloadcms/db-postgres@4.0.0-canary.26",
            "npm:@payloadcms/drizzle@4.0.0-canary.26",
            "npm:@payloadcms/graphql@4.0.0-canary.26",
            "npm:@payloadcms/live-preview-react@4.0.0-canary.26",
            "npm:@payloadcms/next@4.0.0-canary.26",
            "npm:@payloadcms/richtext-lexical@4.0.0-canary.26",
            "npm:@payloadcms/translations@4.0.0-canary.26",
            "npm:@payloadcms/ui@4.0.0-canary.26",
            "npm:@playwright/test@1.56.1",
            "npm:@sentry/nextjs@^10.69.0",
            "npm:@stripe/react-stripe-js@^6.8.0",
            "npm:@stripe/stripe-js@^9.13.0",
            "npm:@tailwindcss/postcss@^4.3.0",
            "npm:@tanstack/react-form@^1.33.0",
            "npm:@tanstack/react-pacer@~0.22.1",
            "npm:@tanstack/react-table@^9.1.0",
            "npm:@tanstack/react-virtual@^3.14.2",
            "npm:@types/node@20",
            "npm:@types/pg@^8.11.10",
            "npm:@types/react-dom@^19.2.3",
            "npm:@types/react@^19.2.14",
            "npm:@webgpu/types@0.1.65",
            "npm:autoprefixer@^10.4.21",
            "npm:cross-env@^10.1.0",
            "npm:eslint-config-next@16.3.4",
            "npm:eslint@9",
            "npm:graphql-http@^1.22.4",
            "npm:graphql@^16.8.2",
            "npm:hls.js@^1.6.16",
            "npm:lucide-react@^1.17.0",
            "npm:nativewind@5.0.0-preview.4",
            "npm:next@16.3.4",
            "npm:nextjs-toploader@^3.9.17",
            "npm:node-polyfill-webpack-plugin@^4.1.0",
            "npm:payload@4.0.0-canary.26",
            "npm:pg@^8.18.0",
            "npm:postcss@^8.5.26",
            "npm:react-dom@19.2.3",
            "npm:react-native-css@^3.0.7",
            "npm:react-native-web@~0.21.2",
            "npm:react@19.2.3",
            "npm:resend@^6.18.1",
            "npm:sass@^1.78.0",
            "npm:sharp@0.35.3",
            "npm:sonner@^2.0.7",
            "npm:tailwind-scrollbar@^4.0.2",
            "npm:tailwindcss@4.3.0",
            "npm:typescript@5",
            "npm:zustand@^5.0.14"
          ]
        }
      },
      "apps/web-vite": {
        "packageJson": {
          "dependencies": [
            "npm:@expo/html-elements@57.0.0",
            "npm:@faceless-ui/window-info@^3.0.1",
            "npm:@payloadcms/admin-bar@4.0.0-canary.26",
            "npm:@payloadcms/db-postgres@4.0.0-canary.26",
            "npm:@payloadcms/drizzle@4.0.0-canary.26",
            "npm:@payloadcms/graphql@4.0.0-canary.26",
            "npm:@payloadcms/live-preview-react@4.0.0-canary.26",
            "npm:@payloadcms/next@4.0.0-canary.26",
            "npm:@payloadcms/richtext-lexical@4.0.0-canary.26",
            "npm:@payloadcms/tanstack-start@4.0.0-canary.26",
            "npm:@payloadcms/translations@4.0.0-canary.26",
            "npm:@payloadcms/ui@4.0.0-canary.26",
            "npm:@tailwindcss/postcss@^4.1.18",
            "npm:@tailwindcss/typography@~0.5.19",
            "npm:@tanstack/react-pacer@~0.22.1",
            "npm:@tanstack/react-query@^5.69.0",
            "npm:@tanstack/react-table@^9.1.0",
            "npm:@tanstack/react-virtual@^3.14.2",
            "npm:@types/node@22.19.9",
            "npm:@types/react-dom@19",
            "npm:@types/react@19",
            "npm:autoprefixer@^10.4.19",
            "npm:clsx@^2.1.1",
            "npm:cross-env@^10.1.0",
            "npm:dotenv@^17.4.2",
            "npm:eslint@9",
            "npm:graphql-http@^1.22.4",
            "npm:graphql@^16.8.2",
            "npm:lucide-react@1.30.0",
            "npm:payload@4.0.0-canary.26",
            "npm:pg@^8.13.1",
            "npm:postcss@^8.5.26",
            "npm:qs-esm@^7.0.2",
            "npm:react-dom@19.2.3",
            "npm:react-native-web@~0.21.2",
            "npm:react-server-dom-webpack@^19.2.8",
            "npm:react@19.2.3",
            "npm:sass@^1.77.4",
            "npm:scheduler@0.25",
            "npm:sharp@0.35.3",
            "npm:tailwind-merge@^3.6.0",
            "npm:tailwindcss@^4.1.18",
            "npm:tsx@^4.19.2",
            "npm:typescript@5.7.3"
          ]
        }
      },
      "packages/api": {
        "packageJson": {
          "dependencies": [
            "npm:@tanstack/query-sync-storage-persister@^5.101.0",
            "npm:@tanstack/react-query-persist-client@^5.101.0",
            "npm:@tanstack/react-query@^5.101.0",
            "npm:@types/node@26.2.0",
            "npm:@types/react@~19.2.14",
            "npm:typescript@~5.9.2"
          ]
        }
      },
      "packages/app": {
        "packageJson": {
          "dependencies": [
            "npm:@bam.tech/react-native-app-security@~0.6.1",
            "npm:@better-auth/expo@^1.6.26",
            "npm:@better-auth/passkey@^1.6.26",
            "npm:@callstack/liquid-glass@0.7",
            "npm:@config-plugins/react-native-webrtc@15.0.1",
            "npm:@expo/html-elements@^56.0.1",
            "npm:@expo/metro-runtime@~57.0.2",
            "npm:@expo/ui@~57.0.2",
            "npm:@expo/vector-icons@^15.0.2",
            "npm:@fishjam-cloud/react-native-client@0.29.0",
            "npm:@fishjam-cloud/react-native-webrtc@0.29.0",
            "npm:@gorhom/bottom-sheet@^5.2.9",
            "npm:@legendapp/list@3.0.0-beta.44",
            "npm:@legendapp/motion@^2.5.3",
            "npm:@lodev09/react-native-true-sheet@^3.10.0",
            "npm:@moq/lite@0.3",
            "npm:@moq/publish@~0.2.14",
            "npm:@moq/signals@~0.1.8",
            "npm:@moq/watch@~0.2.16",
            "npm:@nandorojo/galeria@3",
            "npm:@react-native-community/datetimepicker@^9.1.0",
            "npm:@react-native-community/slider@^5.2.0",
            "npm:@react-native-masked-view/masked-view@~0.3.2",
            "npm:@react-navigation/bottom-tabs@^7.17.1",
            "npm:@react-navigation/elements@^2.9.14",
            "npm:@react-navigation/native-stack@^7.14.11",
            "npm:@react-navigation/native@^7.2.2",
            "npm:@regulaforensics/react-native-face-api@^7.1.628",
            "npm:@rn-primitives/portal@1.4.0",
            "npm:@rn-primitives/progress@^1.4.0",
            "npm:@rn-primitives/slot@^1.4.0",
            "npm:@rn-primitives/switch@^1.4.0",
            "npm:@shopify/react-native-skia@2.6.2",
            "npm:@stripe/stripe-react-native@0.73.0",
            "npm:@supabase/supabase-js@^2.112.2",
            "npm:@tanstack/pacer@~0.20.1",
            "npm:@tanstack/query-sync-storage-persister@^5.99.0",
            "npm:@tanstack/react-form@^1.29.0",
            "npm:@tanstack/react-pacer@~0.21.1",
            "npm:@tanstack/react-query-persist-client@^5.99.0",
            "npm:@tanstack/react-query@^5.99.0",
            "npm:@types/jest@30",
            "npm:@types/mocha@^10.0.10",
            "npm:@types/node@26.2.0",
            "npm:@types/pg@^8.20.0",
            "npm:@types/react-dom@~19.2.3",
            "npm:@types/react@~19.2.14",
            "npm:@types/three@~0.184.1",
            "npm:babel-preset-expo@~57.0.1",
            "npm:better-auth@^1.6.26",
            "npm:buffer@^6.0.3",
            "npm:class-variance-authority@~0.7.1",
            "npm:clsx@^2.1.1",
            "npm:eslint-config-expo@57.0",
            "npm:eslint@^9.25.0",
            "npm:expo-apple-authentication@57.0",
            "npm:expo-asset@~57.0.2",
            "npm:expo-audio@57.0",
            "npm:expo-battery@57.0",
            "npm:expo-blur@57.0",
            "npm:expo-build-properties@~57.0.2",
            "npm:expo-calendar@57.0",
            "npm:expo-camera@57.0",
            "npm:expo-clipboard@57.0",
            "npm:expo-constants@~57.0.2",
            "npm:expo-crypto@57.0",
            "npm:expo-dev-client@~57.0.4",
            "npm:expo-device@57.0",
            "npm:expo-file-system@57.0",
            "npm:expo-font@57.0",
            "npm:expo-haptics@57.0",
            "npm:expo-image-manipulator@~57.0.1",
            "npm:expo-image-picker@~57.0.1",
            "npm:expo-image@57.0",
            "npm:expo-linear-gradient@57.0",
            "npm:expo-linking@~57.0.1",
            "npm:expo-live-photo@57.0",
            "npm:expo-local-authentication@57.0",
            "npm:expo-localization@57.0",
            "npm:expo-location@~57.0.1",
            "npm:expo-maps@57.0",
            "npm:expo-media-library@57.0",
            "npm:expo-network@57.0",
            "npm:expo-notifications@~57.0.2",
            "npm:expo-paste-input@~0.2.1",
            "npm:expo-print@57.0",
            "npm:expo-router@~57.0.11",
            "npm:expo-screen-capture@57.0",
            "npm:expo-screen-orientation@57.0",
            "npm:expo-secure-store@57.0",
            "npm:expo-share-intent@^8.0.1",
            "npm:expo-sharing@~57.0.1",
            "npm:expo-splash-screen@~57.0.1",
            "npm:expo-status-bar@57.0",
            "npm:expo-symbols@57.0",
            "npm:expo-system-ui@57.0",
            "npm:expo-updates@~57.0.5",
            "npm:expo-video-thumbnails@57.0",
            "npm:expo-video@57.0",
            "npm:expo-web-browser@57.0",
            "npm:expo@~57.0.1",
            "npm:gsap@^3.15.0",
            "npm:hls.js@^1.6.16",
            "npm:i18next-http-backend@^4.0.1",
            "npm:i18next@^26.0.5",
            "npm:lucide-react-native@^1.8.0",
            "npm:nativewind@5.0.0-preview.4",
            "npm:pg@^8.18.0",
            "npm:react-anticapture@~0.1.5",
            "npm:react-dom@19.2.3",
            "npm:react-i18next@^17.0.3",
            "npm:react-insta-stories@^2.8.0",
            "npm:react-lite-youtube-embed@^3.6.0",
            "npm:react-native-animated-glow@^3.0.1",
            "npm:react-native-audio-api@0.13.3",
            "npm:react-native-callkeep@^4.3.12",
            "npm:react-native-canvas-kit@1.1.0",
            "npm:react-native-compressor@1.16.0",
            "npm:react-native-css-interop@~0.2.1",
            "npm:react-native-css@^3.0.7",
            "npm:react-native-drawer-layout@4.2.5",
            "npm:react-native-ease@~0.7.2",
            "npm:react-native-gesture-handler@2.32",
            "npm:react-native-get-random-values@1.11.0",
            "npm:react-native-google-places-autocomplete@^2.6.4",
            "npm:react-native-hole-view@5.0.0",
            "npm:react-native-image-colors@^2.6.0",
            "npm:react-native-incall-manager@^4.2.1",
            "npm:react-native-insta-story@^2.0.2",
            "npm:react-native-keyboard-controller@1.21.9",
            "npm:react-native-mmkv@^4.3.1",
            "npm:react-native-moq@0.3.0",
            "npm:react-native-nitro-image@0.14",
            "npm:react-native-nitro-modules@~0.35.7",
            "npm:react-native-pager-view@8.0.2",
            "npm:react-native-qrcode-svg@6.3.21",
            "npm:react-native-reanimated@4.5.3",
            "npm:react-native-redraw@^0.0.1",
            "npm:react-native-safe-area-context@5.7",
            "npm:react-native-screen-transitions@^3.3.0",
            "npm:react-native-screens@4.26.2",
            "npm:react-native-star-rating-widget@^1.11.0",
            "npm:react-native-svg@15.15.4",
            "npm:react-native-video@7.0.0-beta.9",
            "npm:react-native-vision-camera-barcode-scanner@5.2.2",
            "npm:react-native-vision-camera@^5.2.2",
            "npm:react-native-voip-push-notification@^3.3.3",
            "npm:react-native-web@~0.21.2",
            "npm:react-native-webgpu@0.10.2",
            "npm:react-native-webview@13.16.1",
            "npm:react-native-worklets@0.11.3",
            "npm:react-native-youtube-bridge@^2.2.0",
            "npm:solito@5.0.0",
            "npm:sonner-native@0.24",
            "npm:sonner@^2.0.7",
            "npm:tailwind-merge@^3.6.0",
            "npm:tailwindcss-animate@1.0.7",
            "npm:tailwindcss@^4.3.3",
            "npm:three@0.171",
            "npm:typegpu@0.12",
            "npm:typescript@~6.0.3",
            "npm:zod@^4.3.6",
            "npm:zustand@^5.0.12"
          ]
        }
      },
      "packages/auth": {
        "packageJson": {
          "dependencies": [
            "npm:@better-auth/passkey@^1.6.26",
            "npm:better-auth@^1.6.26"
          ]
        }
      },
      "packages/cms": {
        "packageJson": {
          "dependencies": [
            "npm:@payloadcms/storage-s3@4.0.0-canary.26"
          ]
        }
      },
      "packages/core": {
        "packageJson": {
          "dependencies": [
            "npm:@tanstack/react-form@^1.33.0",
            "npm:@tanstack/react-pacer@~0.22.1",
            "npm:typescript@~5.9.2"
          ]
        }
      },
      "packages/functions": {
        "packageJson": {
          "dependencies": [
            "npm:@supabase/supabase-js@^2.112.2",
            "npm:typescript@~5.9.2"
          ]
        }
      },
      "packages/observability": {
        "packageJson": {
          "dependencies": [
            "npm:typescript@~6.0.3",
            "npm:vitest@^4.1.10"
          ]
        }
      },
      "packages/supabase": {
        "packageJson": {
          "dependencies": [
            "npm:@supabase/supabase-js@^2.112.2"
          ]
        }
      },
      "packages/types": {
        "packageJson": {
          "dependencies": [
            "npm:typescript@~5.9.2"
          ]
        }
      },
      "packages/ui": {
        "packageJson": {
          "dependencies": [
            "npm:@expo/ui@~57.0.2",
            "npm:@fishjam-cloud/react-native-client@0.29.0",
            "npm:@tailwindcss/postcss@^4.3.0",
            "npm:@types/react@~19.2.14",
            "npm:@vis.gl/react-google-maps@^1.8.3",
            "npm:clsx@^2.1.1",
            "npm:eslint-config-expo@57.0",
            "npm:eslint@^9.25.0",
            "npm:expo-image@57.0",
            "npm:expo-paste-input@~0.2.1",
            "npm:expo@~57.0.1",
            "npm:html-to-image@^1.11.13",
            "npm:html5-qrcode@^2.3.8",
            "npm:nativewind@5.0.0-preview.4",
            "npm:postcss@^8.5.26",
            "npm:react-easy-crop@^6.0.2",
            "npm:react-insta-stories@^2.8.0",
            "npm:react-native-css@^3.0.7",
            "npm:react-native-webview@13.16.1",
            "npm:solito@5",
            "npm:tailwind-merge@^3.6.0",
            "npm:tailwind-variants@^3.1.0",
            "npm:tailwindcss@^4.3.0",
            "npm:typescript@~6.0.3"
          ]
        }
      },
      "packages/utils": {
        "packageJson": {
          "dependencies": [
            "npm:clsx@^2.1.1",
            "npm:tailwind-merge@^3.6.0"
          ]
        }
      }
    }
  }
}
