// !$*UTF8*$!
{
	archiveVersion = 1;
	classes = {
	};
	objectVersion = 54;
	objects = {

/* Begin PBXBuildFile section */
		13B07FBF1A68108700A75B9A /* Images.xcassets in Resources */ = {isa = PBXBuildFile; fileRef = 13B07FB51A68108700A75B9A /* Images.xcassets */; };
		3E461D99554A48A4959DE609 /* SplashScreen.storyboard in Resources */ = {isa = PBXBuildFile; fileRef = AA286B85B6C04FC6940260E9 /* SplashScreen.storyboard */; };
		BB2F792D24A3F905000567C9 /* Expo.plist in Resources */ = {isa = PBXBuildFile; fileRef = BB2F792C24A3F905000567C9 /* Expo.plist */; };
		F11748422D0307B40044C1D9 /* AppDelegate.swift in Sources */ = {isa = PBXBuildFile; fileRef = F11748412D0307B40044C1D9 /* AppDelegate.swift */; };
		B8DF3AED29494429BC26E592 /* PrivacyInfo.xcprivacy in Resources */ = {isa = PBXBuildFile; fileRef = FE33E4A59C5F43BD9B79E27E /* PrivacyInfo.xcprivacy */; };
		2762A28B9B9D49F987C3DE35 /* dvnt-ring.wav in DVNT */ = {isa = PBXBuildFile; fileRef = 4D6A1EC261304313B2285C73 /* dvnt-ring.wav */; };
		1361915D88AC46CBA588F2C4 /* PushKit.framework in Frameworks */ = {isa = PBXBuildFile; fileRef = C39E94211BF84DEBBF64BE4F /* PushKit.framework */; };
		282340F1DB45456091C482BA /* AppDelegate+VoIPPush.m in DVNT */ = {isa = PBXBuildFile; fileRef = 4E5A3D67626745A585097BF9 /* AppDelegate+VoIPPush.m */; };
		2AB585568D98447CB037CA04 /* CallKit.framework in Frameworks */ = {isa = PBXBuildFile; fileRef = C59B4A5C1DD84BF8AA215A79 /* CallKit.framework */; };
		C45E57A50CCD432483896A6E /* Intents.framework in Frameworks */ = {isa = PBXBuildFile; fileRef = 3DE0E61F515A49C7BF9BB01B /* Intents.framework */; settings = {ATTRIBUTES = (Weak, ); }; };
		F4B6A45B13D74C16AD5BA526 /* noop-file.swift in Sources */ = {isa = PBXBuildFile; fileRef = 8878F487A3EC408AB18F7C42 /* noop-file.swift */; };
		3C7176AEB86F4B3AA504B7E2 /* ShareViewController.swift in Sources */ = {isa = PBXBuildFile; fileRef = A0C4F985B5EA4625BB8B1E5B /* ShareViewController.swift */; };
		41DBC0D8BD934E069A03BC16 /* MainInterface.storyboard in Resources */ = {isa = PBXBuildFile; fileRef = FF1D1E290A994924A3388EC9 /* MainInterface.storyboard */; };
		BB905AF4694E4EEDAA0E6ABD /* ShareExtensionPreprocessor.js in Resources */ = {isa = PBXBuildFile; fileRef = 9074D4FC60214E0CA40C627F /* ShareExtensionPreprocessor.js */; };
		C45DD6AE5E0841E498EC1958 /* PrivacyInfo.xcprivacy in Resources */ = {isa = PBXBuildFile; fileRef = B8A55C867D1241CA9DE7FBA6 /* PrivacyInfo.xcprivacy */; };
		50857B930C134E3281563C78 /* ShareExtension-Info.plist in Resources */ = {isa = PBXBuildFile; fileRef = B43432B9F4C4497584BF9E9D /* ShareExtension-Info.plist */; };
		3179FFCEF0B14EE6901FFEFF /* ShareExtension.entitlements in Resources */ = {isa = PBXBuildFile; fileRef = BEB3A650B89A439CBCF662A1 /* ShareExtension.entitlements */; };
		4A97EC11F9CD4F539DAEFA1E /* ShareExtension.appex in Copy Files */ = {isa = PBXBuildFile; fileRef = 19FB9F496EF84030B53D734D /* ShareExtension.appex */; };
/* End PBXBuildFile section */

/* Begin PBXFileReference section */
		13B07F961A680F5B00A75B9A /* DVNT.app */ = {isa = PBXFileReference; explicitFileType = wrapper.application; includeInIndex = 0; path = DVNT.app; sourceTree = BUILT_PRODUCTS_DIR; };
		13B07FB51A68108700A75B9A /* Images.xcassets */ = {isa = PBXFileReference; lastKnownFileType = folder.assetcatalog; name = Images.xcassets; path = DVNT/Images.xcassets; sourceTree = "<group>"; };
		13B07FB61A68108700A75B9A /* Info.plist */ = {isa = PBXFileReference; fileEncoding = 4; lastKnownFileType = text.plist.xml; name = Info.plist; path = DVNT/Info.plist; sourceTree = "<group>"; };
		AA286B85B6C04FC6940260E9 /* SplashScreen.storyboard */ = {isa = PBXFileReference; fileEncoding = 4; lastKnownFileType = file.storyboard; name = SplashScreen.storyboard; path = DVNT/SplashScreen.storyboard; sourceTree = "<group>"; };
		BB2F792C24A3F905000567C9 /* Expo.plist */ = {isa = PBXFileReference; fileEncoding = 4; lastKnownFileType = text.plist.xml; path = Expo.plist; sourceTree = "<group>"; };
		ED297162215061F000B7C4FE /* JavaScriptCore.framework */ = {isa = PBXFileReference; lastKnownFileType = wrapper.framework; name = JavaScriptCore.framework; path = System/Library/Frameworks/JavaScriptCore.framework; sourceTree = SDKROOT; };
		F11748412D0307B40044C1D9 /* AppDelegate.swift */ = {isa = PBXFileReference; lastKnownFileType = sourcecode.swift; name = AppDelegate.swift; path = DVNT/AppDelegate.swift; sourceTree = "<group>"; };
		F11748442D0722820044C1D9 /* DVNT-Bridging-Header.h */ = {isa = PBXFileReference; lastKnownFileType = sourcecode.c.h; name = "DVNT-Bridging-Header.h"; path = "DVNT/DVNT-Bridging-Header.h"; sourceTree = "<group>"; };
		FE33E4A59C5F43BD9B79E27E /* PrivacyInfo.xcprivacy */ = {isa = PBXFileReference; name = "PrivacyInfo.xcprivacy"; path = "DVNT/PrivacyInfo.xcprivacy"; sourceTree = "<group>"; fileEncoding = undefined; lastKnownFileType = unknown; explicitFileType = undefined; includeInIndex = 0; };
		4D6A1EC261304313B2285C73 /* dvnt-ring.wav */ = {isa = PBXFileReference; name = "dvnt-ring.wav"; path = "DVNT/dvnt-ring.wav"; sourceTree = "<group>"; fileEncoding = undefined; lastKnownFileType = audio.wav; explicitFileType = undefined; includeInIndex = undefined; };
		C39E94211BF84DEBBF64BE4F /* PushKit.framework */ = {isa = PBXFileReference; name = "PushKit.framework"; path = "System/Library/Frameworks/PushKit.framework"; sourceTree = SDKROOT; fileEncoding = undefined; lastKnownFileType = wrapper.framework; explicitFileType = undefined; includeInIndex = 0; };
		4E5A3D67626745A585097BF9 /* AppDelegate+VoIPPush.m */ = {isa = PBXFileReference; name = "AppDelegate+VoIPPush.m"; path = "DVNT/AppDelegate+VoIPPush.m"; sourceTree = "<group>"; fileEncoding = 4; lastKnownFileType = sourcecode.c.objc; explicitFileType = undefined; includeInIndex = undefined; };
		C59B4A5C1DD84BF8AA215A79 /* CallKit.framework */ = {isa = PBXFileReference; name = "CallKit.framework"; path = "System/Library/Frameworks/CallKit.framework"; sourceTree = SDKROOT; fileEncoding = undefined; lastKnownFileType = wrapper.framework; explicitFileType = undefined; includeInIndex = 0; };
		3DE0E61F515A49C7BF9BB01B /* Intents.framework */ = {isa = PBXFileReference; name = "Intents.framework"; path = "System/Library/Frameworks/Intents.framework"; sourceTree = SDKROOT; fileEncoding = undefined; lastKnownFileType = wrapper.framework; explicitFileType = undefined; includeInIndex = 0; };
		8878F487A3EC408AB18F7C42 /* noop-file.swift */ = {isa = PBXFileReference; name = "noop-file.swift"; path = "DVNT/noop-file.swift"; sourceTree = "<group>"; fileEncoding = 4; lastKnownFileType = sourcecode.swift; explicitFileType = undefined; includeInIndex = 0; };
		A0C4F985B5EA4625BB8B1E5B /* ShareViewController.swift */ = {isa = PBXFileReference; name = "ShareViewController.swift"; path = "ShareViewController.swift"; sourceTree = "<group>"; fileEncoding = 4; lastKnownFileType = sourcecode.swift; explicitFileType = undefined; includeInIndex = 0; };
		FF1D1E290A994924A3388EC9 /* MainInterface.storyboard */ = {isa = PBXFileReference; name = "MainInterface.storyboard"; path = "MainInterface.storyboard"; sourceTree = "<group>"; fileEncoding = undefined; lastKnownFileType = unknown; explicitFileType = undefined; includeInIndex = 0; };
		9074D4FC60214E0CA40C627F /* ShareExtensionPreprocessor.js */ = {isa = PBXFileReference; name = "ShareExtensionPreprocessor.js"; path = "ShareExtensionPreprocessor.js"; sourceTree = "<group>"; fileEncoding = undefined; lastKnownFileType = unknown; explicitFileType = undefined; includeInIndex = 0; };
		B8A55C867D1241CA9DE7FBA6 /* PrivacyInfo.xcprivacy */ = {isa = PBXFileReference; name = "PrivacyInfo.xcprivacy"; path = "PrivacyInfo.xcprivacy"; sourceTree = "<group>"; fileEncoding = undefined; lastKnownFileType = unknown; explicitFileType = undefined; includeInIndex = 0; };
		B43432B9F4C4497584BF9E9D /* ShareExtension-Info.plist */ = {isa = PBXFileReference; name = "ShareExtension-Info.plist"; path = "ShareExtension-Info.plist"; sourceTree = "<group>"; fileEncoding = 4; lastKnownFileType = text.plist.xml; explicitFileType = undefined; includeInIndex = 0; };
		BEB3A650B89A439CBCF662A1 /* ShareExtension.entitlements */ = {isa = PBXFileReference; name = "ShareExtension.entitlements"; path = "ShareExtension.entitlements"; sourceTree = "<group>"; fileEncoding = undefined; lastKnownFileType = unknown; explicitFileType = undefined; includeInIndex = 0; };
		19FB9F496EF84030B53D734D /* ShareExtension.appex */ = {isa = PBXFileReference; name = "ShareExtension.appex"; path = "ShareExtension.appex"; sourceTree = BUILT_PRODUCTS_DIR; fileEncoding = undefined; lastKnownFileType = undefined; explicitFileType = "wrapper.app-extension"; includeInIndex = 0; };
/* End PBXFileReference section */

/* Begin PBXFrameworksBuildPhase section */
		13B07F8C1A680F5B00A75B9A /* Frameworks */ = {
			isa = PBXFrameworksBuildPhase;
			buildActionMask = 2147483647;
			files = (
				1361915D88AC46CBA588F2C4 /* PushKit.framework in Frameworks */,
				2AB585568D98447CB037CA04 /* CallKit.framework in Frameworks */,
				C45E57A50CCD432483896A6E /* Intents.framework in Frameworks */,
			);
			runOnlyForDeploymentPostprocessing = 0;
		};
		1A17928437D34056A5A46C7E /* Frameworks */ = {
			isa = PBXFrameworksBuildPhase;
			buildActionMask = 2147483647;
			files = (
			);
			runOnlyForDeploymentPostprocessing = 0;
		};
/* End PBXFrameworksBuildPhase section */

/* Begin PBXGroup section */
		13B07FAE1A68108700A75B9A /* DVNT */ = {
			isa = PBXGroup;
			children = (
				F11748412D0307B40044C1D9 /* AppDelegate.swift */,
				F11748442D0722820044C1D9 /* DVNT-Bridging-Header.h */,
				BB2F792B24A3F905000567C9 /* Supporting */,
				13B07FB51A68108700A75B9A /* Images.xcassets */,
				13B07FB61A68108700A75B9A /* Info.plist */,
				AA286B85B6C04FC6940260E9 /* SplashScreen.storyboard */,
				FE33E4A59C5F43BD9B79E27E /* PrivacyInfo.xcprivacy */,
				4D6A1EC261304313B2285C73 /* dvnt-ring.wav */,
				4E5A3D67626745A585097BF9 /* AppDelegate+VoIPPush.m */,
				8878F487A3EC408AB18F7C42 /* noop-file.swift */,
			);
			name = DVNT;
			sourceTree = "<group>";
		};
		2D16E6871FA4F8E400B85C8A /* Frameworks */ = {
			isa = PBXGroup;
			children = (
				ED297162215061F000B7C4FE /* JavaScriptCore.framework */,
				C39E94211BF84DEBBF64BE4F /* PushKit.framework */,
				C59B4A5C1DD84BF8AA215A79 /* CallKit.framework */,
				3DE0E61F515A49C7BF9BB01B /* Intents.framework */,
			);
			name = Frameworks;
			sourceTree = "<group>";
		};
		832341AE1AAA6A7D00B99B32 /* Libraries */ = {
			isa = PBXGroup;
			children = (
			);
			name = Libraries;
			sourceTree = "<group>";
		};
		83CBB9F61A601CBA00E9B192 = {
			isa = PBXGroup;
			children = (
				13B07FAE1A68108700A75B9A /* DVNT */,
				832341AE1AAA6A7D00B99B32 /* Libraries */,
				83CBBA001A601CBA00E9B192 /* Products */,
				2D16E6871FA4F8E400B85C8A /* Frameworks */,
				26F985706460477DAC22A83B /* ShareExtension */,
			);
			indentWidth = 2;
			sourceTree = "<group>";
			tabWidth = 2;
			usesTabs = 0;
		};
		83CBBA001A601CBA00E9B192 /* Products */ = {
			isa = PBXGroup;
			children = (
				13B07F961A680F5B00A75B9A /* DVNT.app */,
				19FB9F496EF84030B53D734D /* ShareExtension.appex */,
			);
			name = Products;
			sourceTree = "<group>";
		};
		BB2F792B24A3F905000567C9 /* Supporting */ = {
			isa = PBXGroup;
			children = (
				BB2F792C24A3F905000567C9 /* Expo.plist */,
			);
			name = Supporting;
			path = DVNT/Supporting;
			sourceTree = "<group>";
		};
		26F985706460477DAC22A83B /* ShareExtension */ = {
			isa = PBXGroup;
			children = (
				A0C4F985B5EA4625BB8B1E5B /* ShareViewController.swift */,
				FF1D1E290A994924A3388EC9 /* MainInterface.storyboard */,
				9074D4FC60214E0CA40C627F /* ShareExtensionPreprocessor.js */,
				B8A55C867D1241CA9DE7FBA6 /* PrivacyInfo.xcprivacy */,
				B43432B9F4C4497584BF9E9D /* ShareExtension-Info.plist */,
				BEB3A650B89A439CBCF662A1 /* ShareExtension.entitlements */,
			);
			name = ShareExtension;
			path = ShareExtension;
			sourceTree = "<group>";
		};
/* End PBXGroup section */

/* Begin PBXNativeTarget section */
		13B07F861A680F5B00A75B9A /* DVNT */ = {
			isa = PBXNativeTarget;
			buildConfigurationList = 13B07F931A680F5B00A75B9A /* Build configuration list for PBXNativeTarget "DVNT" */;
			buildPhases = (
				08A4A3CD28434E44B6B9DE2E /* [CP] Check Pods Manifest.lock */,
				13B07F871A680F5B00A75B9A /* Sources */,
				13B07F8C1A680F5B00A75B9A /* Frameworks */,
				13B07F8E1A680F5B00A75B9A /* Resources */,
				00DD1BFF1BD5951E006B06BC /* Bundle React Native code and images */,
				800E24972A6A228C8D4807E9 /* [CP] Copy Pods Resources */,
				4A86D925169C4D60B349AFD6 /* [Expo Dev Launcher] Strip Local Network Keys for Release */,
				C6DB88BDAF9D45FA9A769857 /* Copy Files */,
				75C3120FCDB940EF85DF249E /* Upload Debug Symbols to Sentry */,
			);
			buildRules = (
			);
			dependencies = (
				4947DEF9E8824D2AB1F16488 /* PBXTargetDependency */,
			);
			name = DVNT;
			productName = DVNT;
			productReference = 13B07F961A680F5B00A75B9A /* DVNT.app */;
			productType = "com.apple.product-type.application";
		};
		B4A90CBD85AF4FF381353B68 /* "ShareExtension" */ = {
			isa = PBXNativeTarget;
			name = "ShareExtension";
			productName = "ShareExtension";
			productReference = 19FB9F496EF84030B53D734D;
			productType = "com.apple.product-type.app-extension";
			buildConfigurationList = CED4566AEF554F4D944FD06D;
			buildPhases = (
				453C18E434CE4757913A65E5 /* Sources */,
				E935AE20BB7B450E92DA970D /* Resources */,
				1A17928437D34056A5A46C7E /* Frameworks */,
			);
			buildRules = (
			);
			dependencies = (
			);
		};
/* End PBXNativeTarget section */

/* Begin PBXProject section */
		83CBB9F71A601CBA00E9B192 /* Project object */ = {
			isa = PBXProject;
			attributes = {
				LastUpgradeCheck = 1130;
				TargetAttributes = {
					13B07F861A680F5B00A75B9A = {
						LastSwiftMigration = 1250;
						DevelopmentTeam = 436WA3W63V;
					};
				};
			};
			buildConfigurationList = 83CBB9FA1A601CBA00E9B192 /* Build configuration list for PBXProject "DVNT" */;
			compatibilityVersion = "Xcode 3.2";
			developmentRegion = en;
			hasScannedForEncodings = 0;
			knownRegions = (
				en,
				Base,
			);
			mainGroup = 83CBB9F61A601CBA00E9B192;
			productRefGroup = 83CBBA001A601CBA00E9B192 /* Products */;
			projectDirPath = "";
			projectRoot = "";
			targets = (
				13B07F861A680F5B00A75B9A /* DVNT */,
				B4A90CBD85AF4FF381353B68 /* "ShareExtension" */,
			);
		};
/* End PBXProject section */

/* Begin PBXResourcesBuildPhase section */
		13B07F8E1A680F5B00A75B9A /* Resources */ = {
			isa = PBXResourcesBuildPhase;
			buildActionMask = 2147483647;
			files = (
				BB2F792D24A3F905000567C9 /* Expo.plist in Resources */,
				13B07FBF1A68108700A75B9A /* Images.xcassets in Resources */,
				3E461D99554A48A4959DE609 /* SplashScreen.storyboard in Resources */,
				B8DF3AED29494429BC26E592 /* PrivacyInfo.xcprivacy in Resources */,
				2762A28B9B9D49F987C3DE35 /* dvnt-ring.wav in Resources */,
			);
			runOnlyForDeploymentPostprocessing = 0;
		};
		E935AE20BB7B450E92DA970D /* Resources */ = {
			isa = PBXResourcesBuildPhase;
			buildActionMask = 2147483647;
			files = (
				41DBC0D8BD934E069A03BC16 /* "MainInterface.storyboard" in Resources */,
				BB905AF4694E4EEDAA0E6ABD /* "ShareExtensionPreprocessor.js" in Resources */,
				C45DD6AE5E0841E498EC1958 /* "PrivacyInfo.xcprivacy" in Resources */,
			);
			runOnlyForDeploymentPostprocessing = 0;
		};
/* End PBXResourcesBuildPhase section */

/* Begin PBXShellScriptBuildPhase section */
		00DD1BFF1BD5951E006B06BC /* Bundle React Native code and images */ = {
			isa = PBXShellScriptBuildPhase;
			alwaysOutOfDate = 1;
			buildActionMask = 2147483647;
			files = (
			);
			inputPaths = (
				"$(SRCROOT)/.xcode.env",
				"$(SRCROOT)/.xcode.env.local",
			);
			name = "Bundle React Native code and images";
			outputPaths = (
			);
			runOnlyForDeploymentPostprocessing = 0;
			shellPath = /bin/sh;
			shellScript = "if [[ -f \"$PODS_ROOT/../.xcode.env\" ]]; then\n  source \"$PODS_ROOT/../.xcode.env\"\nfi\nif [[ -f \"$PODS_ROOT/../.xcode.env.local\" ]]; then\n  source \"$PODS_ROOT/../.xcode.env.local\"\nfi\n\n# The project root by default is one level up from the ios directory\nexport PROJECT_ROOT=\"$PROJECT_DIR\"/..\n\nif [[ \"$CONFIGURATION\" = *Debug* ]]; then\n  export SKIP_BUNDLING=1\nfi\nif [[ -z \"$ENTRY_FILE\" ]]; then\n  # Set the entry JS file using the bundler's entry resolution.\n  export ENTRY_FILE=\"$(\"$NODE_BINARY\" -e \"require('expo/scripts/resolveAppEntry')\" \"$PROJECT_ROOT\" ios absolute | tail -n 1)\"\nfi\n\nif [[ -z \"$CLI_PATH\" ]]; then\n  # Use Expo CLI\n  export CLI_PATH=\"$(\"$NODE_BINARY\" --print \"require.resolve('@expo/cli', { paths: [require.resolve('expo/package.json')] })\")\"\nfi\nif [[ -z \"$BUNDLE_COMMAND\" ]]; then\n  # Default Expo CLI command for bundling\n  export BUNDLE_COMMAND=\"export:embed\"\nfi\n\n# Source .xcode.env.updates if it exists to allow\n# SKIP_BUNDLING to be unset if needed\nif [[ -f \"$PODS_ROOT/../.xcode.env.updates\" ]]; then\n  source \"$PODS_ROOT/../.xcode.env.updates\"\nfi\n# Source local changes to allow overrides\n# if needed\nif [[ -f \"$PODS_ROOT/../.xcode.env.local\" ]]; then\n  source \"$PODS_ROOT/../.xcode.env.local\"\nfi\n\n/bin/sh `\"$NODE_BINARY\" --print \"require('path').dirname(require.resolve('@sentry/react-native/package.json')) + '/scripts/sentry-xcode.sh'\"` `\"$NODE_BINARY\" --print \"require('path').dirname(require.resolve('react-native/package.json')) + '/scripts/react-native-xcode.sh'\"`\n\n";
		};
		08A4A3CD28434E44B6B9DE2E /* [CP] Check Pods Manifest.lock */ = {
			isa = PBXShellScriptBuildPhase;
			buildActionMask = 2147483647;
			files = (
			);
			inputFileListPaths = (
			);
			inputPaths = (
				"${PODS_PODFILE_DIR_PATH}/Podfile.lock",
				"${PODS_ROOT}/Manifest.lock",
			);
			name = "[CP] Check Pods Manifest.lock";
			outputFileListPaths = (
			);
			outputPaths = (
				"$(DERIVED_FILE_DIR)/Pods-DVNT-checkManifestLockResult.txt",
			);
			runOnlyForDeploymentPostprocessing = 0;
			shellPath = /bin/sh;
			shellScript = "diff \"${PODS_PODFILE_DIR_PATH}/Podfile.lock\" \"${PODS_ROOT}/Manifest.lock\" > /dev/null\nif [ $? != 0 ] ; then\n    # print error to STDERR\n    echo \"error: The sandbox is not in sync with the Podfile.lock. Run 'pod install' or update your CocoaPods installation.\" >&2\n    exit 1\nfi\n# This output is used by Xcode 'outputs' to avoid re-running this script phase.\necho \"SUCCESS\" > \"${SCRIPT_OUTPUT_FILE_0}\"\n";
			showEnvVarsInLog = 0;
		};
		800E24972A6A228C8D4807E9 /* [CP] Copy Pods Resources */ = {
			isa = PBXShellScriptBuildPhase;
			buildActionMask = 2147483647;
			files = (
			);
			inputPaths = (
				"${PODS_ROOT}/Target Support Files/Pods-DVNT/Pods-DVNT-resources.sh",
				"${PODS_CONFIGURATION_BUILD_DIR}/EXConstants/EXConstants.bundle",
				"${PODS_CONFIGURATION_BUILD_DIR}/EXUpdates/EXUpdates.bundle",
				"${PODS_CONFIGURATION_BUILD_DIR}/React-Core/RCTI18nStrings.bundle",
			);
			name = "[CP] Copy Pods Resources";
			outputPaths = (
				"${TARGET_BUILD_DIR}/${UNLOCALIZED_RESOURCES_FOLDER_PATH}/EXConstants.bundle",
				"${TARGET_BUILD_DIR}/${UNLOCALIZED_RESOURCES_FOLDER_PATH}/EXUpdates.bundle",
				"${TARGET_BUILD_DIR}/${UNLOCALIZED_RESOURCES_FOLDER_PATH}/RCTI18nStrings.bundle",
			);
			runOnlyForDeploymentPostprocessing = 0;
			shellPath = /bin/sh;
			shellScript = "\"${PODS_ROOT}/Target Support Files/Pods-DVNT/Pods-DVNT-resources.sh\"\n";
			showEnvVarsInLog = 0;
		};
		4A86D925169C4D60B349AFD6 /* [Expo Dev Launcher] Strip Local Network Keys for Release */ = {
			isa = PBXShellScriptBuildPhase;
			buildActionMask = 2147483647;
			files = (
			);
			runOnlyForDeploymentPostprocessing = 0;
			name = "[Expo Dev Launcher] Strip Local Network Keys for Release";
			inputPaths = (
			);
			outputPaths = (
			);
			shellPath = /bin/sh;
			shellScript = "# Strip dev-launcher-specific local network permission keys from non-Debug builds
# This only removes _expo._tcp Bonjour services and the dev-launcher usage description.
# Other Bonjour services and custom descriptions are preserved for production use.

if [ \"$CONFIGURATION\" != \"Debug\" ]; then
  PLIST_PATH=\"${TARGET_BUILD_DIR}/${INFOPLIST_PATH}\"
  if [ -f \"$PLIST_PATH\" ]; then
    # Check if NSBonjourServices exists
    if /usr/libexec/PlistBuddy -c \"Print :NSBonjourServices\" \"$PLIST_PATH\" >/dev/null 2>&1; then
      # Get the count of services
      COUNT=$(/usr/libexec/PlistBuddy -c \"Print :NSBonjourServices\" \"$PLIST_PATH\" 2>/dev/null | grep \"^    \" | wc -l | tr -d ' ')

      # Remove _expo._tcp
      for ((i=COUNT-1; i>=0; i--)); do
        SERVICE=$(/usr/libexec/PlistBuddy -c \"Print :NSBonjourServices:$i\" \"$PLIST_PATH\" 2>/dev/null || echo \"\")
        if echo \"$SERVICE\" | grep -q \"_expo._tcp\"; then
          /usr/libexec/PlistBuddy -c \"Delete :NSBonjourServices:$i\" \"$PLIST_PATH\" 2>/dev/null || true
        fi
      done

      # If the array is now empty, remove it entirely
      REMAINING=$(/usr/libexec/PlistBuddy -c \"Print :NSBonjourServices\" \"$PLIST_PATH\" 2>/dev/null | grep \"^    \" | wc -l | tr -d ' ')
      if [ \"$REMAINING\" -eq \"0\" ]; then
        /usr/libexec/PlistBuddy -c \"Delete :NSBonjourServices\" \"$PLIST_PATH\" 2>/dev/null || true
      fi
    fi

    # Only delete the description if it matches the dev-launcher default text
    DESC=$(/usr/libexec/PlistBuddy -c \"Print :NSLocalNetworkUsageDescription\" \"$PLIST_PATH\" 2>/dev/null || echo \"\")
    if echo \"$DESC\" | grep -q \"Expo Dev Launcher\"; then
      /usr/libexec/PlistBuddy -c \"Delete :NSLocalNetworkUsageDescription\" \"$PLIST_PATH\" 2>/dev/null || true
    fi
  fi
fi
";
		};
		75C3120FCDB940EF85DF249E /* Upload Debug Symbols to Sentry */ = {
			isa = PBXShellScriptBuildPhase;
			buildActionMask = 2147483647;
			files = (
			);
			runOnlyForDeploymentPostprocessing = 0;
			name = "Upload Debug Symbols to Sentry";
			inputPaths = (
			);
			outputPaths = (
			);
			shellPath = /bin/sh;
			shellScript = "/bin/sh `${NODE_BINARY:-node} --print \"require('path').dirname(require.resolve('@sentry/react-native/package.json')) + '/scripts/sentry-xcode-debug-files.sh'\"`";
		};
/* End PBXShellScriptBuildPhase section */

/* Begin PBXSourcesBuildPhase section */
		13B07F871A680F5B00A75B9A /* Sources */ = {
			isa = PBXSourcesBuildPhase;
			buildActionMask = 2147483647;
			files = (
				F11748422D0307B40044C1D9 /* AppDelegate.swift in Sources */,
				282340F1DB45456091C482BA /* AppDelegate+VoIPPush.m in DVNT */,
				F4B6A45B13D74C16AD5BA526 /* noop-file.swift in Sources */,
			);
			runOnlyForDeploymentPostprocessing = 0;
		};
		453C18E434CE4757913A65E5 /* Sources */ = {
			isa = PBXSourcesBuildPhase;
			buildActionMask = 2147483647;
			files = (
				3C7176AEB86F4B3AA504B7E2 /* "ShareViewController.swift" in Sources */,
			);
			runOnlyForDeploymentPostprocessing = 0;
		};
/* End PBXSourcesBuildPhase section */

/* Begin XCBuildConfiguration section */
		13B07F941A680F5B00A75B9A /* Debug */ = {
			isa = XCBuildConfiguration;
			buildSettings = {
				ASSETCATALOG_COMPILER_APPICON_NAME = AppIcon;
				CLANG_ENABLE_MODULES = YES;
				CURRENT_PROJECT_VERSION = 1;
				ENABLE_BITCODE = NO;
				GCC_PREPROCESSOR_DEFINITIONS = (
					"$(inherited)",
					"FB_SONARKIT_ENABLED=1",
				);
				INFOPLIST_FILE = DVNT/Info.plist;
				IPHONEOS_DEPLOYMENT_TARGET = 17.0;
				LD_RUNPATH_SEARCH_PATHS = (
					"$(inherited)",
					"@executable_path/Frameworks",
				);
				MACOSX_DEPLOYMENT_TARGET = 13.4;
				MARKETING_VERSION = 1.0;
				OTHER_LDFLAGS = (
					"$(inherited)",
					"-ObjC",
					"-lc++",
				);
				PRODUCT_BUNDLE_IDENTIFIER = "com.dvnt.app";
				PRODUCT_NAME = "DVNT";
				SWIFT_OBJC_BRIDGING_HEADER = "DVNT/DVNT-Bridging-Header.h";
				SWIFT_OPTIMIZATION_LEVEL = "-Onone";
				SWIFT_VERSION = 5.0;
				VERSIONING_SYSTEM = "apple-generic";
				DEVELOPMENT_TEAM = 436WA3W63V;
				TARGETED_DEVICE_FAMILY = "1,2";
				HEADER_SEARCH_PATHS = (
					"$(inherited)",
					"$(SRCROOT)/../node_modules/react-native-voip-push-notification/ios/RNVoipPushNotification",
					"$(SRCROOT)/../node_modules/react-native-callkeep/ios/RNCallKeep",
				);
				CODE_SIGN_ENTITLEMENTS = DVNT/DVNT.entitlements;
			};
			name = Debug;
		};
		13B07F951A680F5B00A75B9A /* Release */ = {
			isa = XCBuildConfiguration;
			buildSettings = {
				ASSETCATALOG_COMPILER_APPICON_NAME = AppIcon;
				CLANG_ENABLE_MODULES = YES;
				CURRENT_PROJECT_VERSION = 1;
				INFOPLIST_FILE = DVNT/Info.plist;
				IPHONEOS_DEPLOYMENT_TARGET = 17.0;
				LD_RUNPATH_SEARCH_PATHS = (
					"$(inherited)",
					"@executable_path/Frameworks",
				);
				MACOSX_DEPLOYMENT_TARGET = 13.4;
				MARKETING_VERSION = 1.0;
				OTHER_LDFLAGS = (
					"$(inherited)",
					"-ObjC",
					"-lc++",
				);
				PRODUCT_BUNDLE_IDENTIFIER = "com.dvnt.app";
				PRODUCT_NAME = "DVNT";
				SWIFT_OBJC_BRIDGING_HEADER = "DVNT/DVNT-Bridging-Header.h";
				SWIFT_VERSION = 5.0;
				VERSIONING_SYSTEM = "apple-generic";
				DEVELOPMENT_TEAM = 436WA3W63V;
				ENABLE_BITCODE = NO;
				TARGETED_DEVICE_FAMILY = "1,2";
				HEADER_SEARCH_PATHS = (
					"$(inherited)",
					"$(SRCROOT)/../node_modules/react-native-voip-push-notification/ios/RNVoipPushNotification",
					"$(SRCROOT)/../node_modules/react-native-callkeep/ios/RNCallKeep",
				);
				CODE_SIGN_ENTITLEMENTS = DVNT/DVNT.entitlements;
			};
			name = Release;
		};
		83CBBA201A601CBA00E9B192 /* Debug */ = {
			isa = XCBuildConfiguration;
			buildSettings = {
				ALWAYS_SEARCH_USER_PATHS = NO;
				CLANG_ANALYZER_LOCALIZABILITY_NONLOCALIZED = YES;
				CLANG_CXX_LANGUAGE_STANDARD = "c++20";
				CLANG_CXX_LIBRARY = "libc++";
				CLANG_ENABLE_MODULES = YES;
				CLANG_ENABLE_OBJC_ARC = YES;
				CLANG_WARN_BLOCK_CAPTURE_AUTORELEASING = YES;
				CLANG_WARN_BOOL_CONVERSION = YES;
				CLANG_WARN_COMMA = YES;
				CLANG_WARN_CONSTANT_CONVERSION = YES;
				CLANG_WARN_DEPRECATED_OBJC_IMPLEMENTATIONS = YES;
				CLANG_WARN_DIRECT_OBJC_ISA_USAGE = YES_ERROR;
				CLANG_WARN_EMPTY_BODY = YES;
				CLANG_WARN_ENUM_CONVERSION = YES;
				CLANG_WARN_INFINITE_RECURSION = YES;
				CLANG_WARN_INT_CONVERSION = YES;
				CLANG_WARN_NON_LITERAL_NULL_CONVERSION = YES;
				CLANG_WARN_OBJC_IMPLICIT_RETAIN_SELF = YES;
				CLANG_WARN_OBJC_LITERAL_CONVERSION = YES;
				CLANG_WARN_OBJC_ROOT_CLASS = YES_ERROR;
				CLANG_WARN_RANGE_LOOP_ANALYSIS = YES;
				CLANG_WARN_STRICT_PROTOTYPES = YES;
				CLANG_WARN_SUSPICIOUS_MOVE = YES;
				CLANG_WARN_UNREACHABLE_CODE = YES;
				CLANG_WARN__DUPLICATE_METHOD_MATCH = YES;
				"CODE_SIGN_IDENTITY[sdk=iphoneos*]" = "iPhone Developer";
				COPY_PHASE_STRIP = NO;
				ENABLE_STRICT_OBJC_MSGSEND = YES;
				ENABLE_TESTABILITY = YES;
				GCC_C_LANGUAGE_STANDARD = gnu99;
				GCC_DYNAMIC_NO_PIC = NO;
				GCC_NO_COMMON_BLOCKS = YES;
				GCC_OPTIMIZATION_LEVEL = 0;
				GCC_PREPROCESSOR_DEFINITIONS = (
					"DEBUG=1",
					"$(inherited)",
				);
				GCC_SYMBOLS_PRIVATE_EXTERN = NO;
				GCC_WARN_64_TO_32_BIT_CONVERSION = YES;
				GCC_WARN_ABOUT_RETURN_TYPE = YES_ERROR;
				GCC_WARN_UNDECLARED_SELECTOR = YES;
				GCC_WARN_UNINITIALIZED_AUTOS = YES_AGGRESSIVE;
				GCC_WARN_UNUSED_FUNCTION = YES;
				GCC_WARN_UNUSED_VARIABLE = YES;
				IPHONEOS_DEPLOYMENT_TARGET = 16.4;
				LD_RUNPATH_SEARCH_PATHS = (
					/usr/lib/swift,
					"$(inherited)",
				);
				LIBRARY_SEARCH_PATHS = "\"$(inherited)\"";
				MTL_ENABLE_DEBUG_INFO = YES;
				ONLY_ACTIVE_ARCH = YES;
				SDKROOT = iphoneos;
				ENABLE_BITCODE = NO;
				DEVELOPMENT_TEAM = 436WA3W63V;
				HEADER_SEARCH_PATHS = (
					"$(inherited)",
					"$(SRCROOT)/../node_modules/react-native-voip-push-notification/ios/RNVoipPushNotification",
					"$(SRCROOT)/../node_modules/react-native-callkeep/ios/RNCallKeep",
				);
			};
			name = Debug;
		};
		83CBBA211A601CBA00E9B192 /* Release */ = {
			isa = XCBuildConfiguration;
			buildSettings = {
				ALWAYS_SEARCH_USER_PATHS = NO;
				CLANG_ANALYZER_LOCALIZABILITY_NONLOCALIZED = YES;
				CLANG_CXX_LANGUAGE_STANDARD = "c++20";
				CLANG_CXX_LIBRARY = "libc++";
				CLANG_ENABLE_MODULES = YES;
				CLANG_ENABLE_OBJC_ARC = YES;
				CLANG_WARN_BLOCK_CAPTURE_AUTORELEASING = YES;
				CLANG_WARN_BOOL_CONVERSION = YES;
				CLANG_WARN_COMMA = YES;
				CLANG_WARN_CONSTANT_CONVERSION = YES;
				CLANG_WARN_DEPRECATED_OBJC_IMPLEMENTATIONS = YES;
				CLANG_WARN_DIRECT_OBJC_ISA_USAGE = YES_ERROR;
				CLANG_WARN_EMPTY_BODY = YES;
				CLANG_WARN_ENUM_CONVERSION = YES;
				CLANG_WARN_INFINITE_RECURSION = YES;
				CLANG_WARN_INT_CONVERSION = YES;
				CLANG_WARN_NON_LITERAL_NULL_CONVERSION = YES;
				CLANG_WARN_OBJC_IMPLICIT_RETAIN_SELF = YES;
				CLANG_WARN_OBJC_LITERAL_CONVERSION = YES;
				CLANG_WARN_OBJC_ROOT_CLASS = YES_ERROR;
				CLANG_WARN_RANGE_LOOP_ANALYSIS = YES;
				CLANG_WARN_STRICT_PROTOTYPES = YES;
				CLANG_WARN_SUSPICIOUS_MOVE = YES;
				CLANG_WARN_UNREACHABLE_CODE = YES;
				CLANG_WARN__DUPLICATE_METHOD_MATCH = YES;
				"CODE_SIGN_IDENTITY[sdk=iphoneos*]" = "iPhone Developer";
				COPY_PHASE_STRIP = YES;
				ENABLE_NS_ASSERTIONS = NO;
				ENABLE_STRICT_OBJC_MSGSEND = YES;
				GCC_C_LANGUAGE_STANDARD = gnu99;
				GCC_NO_COMMON_BLOCKS = YES;
				GCC_WARN_64_TO_32_BIT_CONVERSION = YES;
				GCC_WARN_ABOUT_RETURN_TYPE = YES_ERROR;
				GCC_WARN_UNDECLARED_SELECTOR = YES;
				GCC_WARN_UNINITIALIZED_AUTOS = YES_AGGRESSIVE;
				GCC_WARN_UNUSED_FUNCTION = YES;
				GCC_WARN_UNUSED_VARIABLE = YES;
				IPHONEOS_DEPLOYMENT_TARGET = 16.4;
				LD_RUNPATH_SEARCH_PATHS = (
					/usr/lib/swift,
					"$(inherited)",
				);
				LIBRARY_SEARCH_PATHS = "\"$(inherited)\"";
				MTL_ENABLE_DEBUG_INFO = NO;
				SDKROOT = iphoneos;
				VALIDATE_PRODUCT = YES;
				ENABLE_BITCODE = NO;
				DEVELOPMENT_TEAM = 436WA3W63V;
				HEADER_SEARCH_PATHS = (
					"$(inherited)",
					"$(SRCROOT)/../node_modules/react-native-voip-push-notification/ios/RNVoipPushNotification",
					"$(SRCROOT)/../node_modules/react-native-callkeep/ios/RNCallKeep",
				);
			};
			name = Release;
		};
		7E128C5D6E7E431A9FC05989 /* Debug */ = {
			name = Debug;
			isa = XCBuildConfiguration;
			buildSettings = {
				GCC_PREPROCESSOR_DEFINITIONS = (
					"DEBUG=1",
					"$(inherited)",
				);
				INFOPLIST_FILE = "ShareExtension/ShareExtension-Info.plist";
				LD_RUNPATH_SEARCH_PATHS = "$(inherited) @executable_path/Frameworks @executable_path/../../Frameworks";
				PRODUCT_NAME = "ShareExtension";
				SKIP_INSTALL = YES;
				CLANG_ENABLE_MODULES = YES;
				CODE_SIGN_ENTITLEMENTS = "ShareExtension/ShareExtension.entitlements";
				CODE_SIGN_STYLE = Automatic;
				CURRENT_PROJECT_VERSION = "1";
				GENERATE_INFOPLIST_FILE = YES;
				MARKETING_VERSION = "1.0.0";
				PRODUCT_BUNDLE_IDENTIFIER = "com.dvnt.app.share-extension";
				SWIFT_EMIT_LOC_STRINGS = YES;
				SWIFT_VERSION = 5.0;
				TARGETED_DEVICE_FAMILY = "1,2";
				DEVELOPMENT_TEAM = 436WA3W63V;
			};
		};
		F8762C4E46414A559B3C04C4 /* Release */ = {
			name = Release;
			isa = XCBuildConfiguration;
			buildSettings = {
				INFOPLIST_FILE = "ShareExtension/ShareExtension-Info.plist";
				LD_RUNPATH_SEARCH_PATHS = "$(inherited) @executable_path/Frameworks @executable_path/../../Frameworks";
				PRODUCT_NAME = "ShareExtension";
				SKIP_INSTALL = YES;
				CLANG_ENABLE_MODULES = YES;
				CODE_SIGN_ENTITLEMENTS = "ShareExtension/ShareExtension.entitlements";
				CODE_SIGN_STYLE = Automatic;
				CURRENT_PROJECT_VERSION = "1";
				GENERATE_INFOPLIST_FILE = YES;
				MARKETING_VERSION = "1.0.0";
				PRODUCT_BUNDLE_IDENTIFIER = "com.dvnt.app.share-extension";
				SWIFT_EMIT_LOC_STRINGS = YES;
				SWIFT_VERSION = 5.0;
				TARGETED_DEVICE_FAMILY = "1,2";
				DEVELOPMENT_TEAM = 436WA3W63V;
			};
		};
/* End XCBuildConfiguration section */

/* Begin XCConfigurationList section */
		13B07F931A680F5B00A75B9A /* Build configuration list for PBXNativeTarget "DVNT" */ = {
			isa = XCConfigurationList;
			buildConfigurations = (
				13B07F941A680F5B00A75B9A /* Debug */,
				13B07F951A680F5B00A75B9A /* Release */,
			);
			defaultConfigurationIsVisible = 0;
			defaultConfigurationName = Release;
		};
		83CBB9FA1A601CBA00E9B192 /* Build configuration list for PBXProject "DVNT" */ = {
			isa = XCConfigurationList;
			buildConfigurations = (
				83CBBA201A601CBA00E9B192 /* Debug */,
				83CBBA211A601CBA00E9B192 /* Release */,
			);
			defaultConfigurationIsVisible = 0;
			defaultConfigurationName = Release;
		};
		CED4566AEF554F4D944FD06D /* Build configuration list for PBXNativeTarget "ShareExtension" */ = {
			isa = XCConfigurationList;
			buildConfigurations = (
				7E128C5D6E7E431A9FC05989 /* Debug */,
				F8762C4E46414A559B3C04C4 /* Release */,
			);
			defaultConfigurationIsVisible = 0;
			defaultConfigurationName = Release;
		};
/* End XCConfigurationList section */

/* Begin PBXTargetDependency section */
		4947DEF9E8824D2AB1F16488 /* PBXTargetDependency */ = {
			isa = PBXTargetDependency;
			target = B4A90CBD85AF4FF381353B68 /* "ShareExtension" */;
			targetProxy = 4169A96B45BB45E7A905B5CC /* PBXContainerItemProxy */;
		};
/* End PBXTargetDependency section */

/* Begin PBXContainerItemProxy section */
		4169A96B45BB45E7A905B5CC /* PBXContainerItemProxy */ = {
			isa = PBXContainerItemProxy;
			containerPortal = 83CBB9F71A601CBA00E9B192 /* Project object */;
			proxyType = 1;
			remoteGlobalIDString = B4A90CBD85AF4FF381353B68;
			remoteInfo = "ShareExtension";
		};
/* End PBXContainerItemProxy section */

/* Begin PBXCopyFilesBuildPhase section */
		C6DB88BDAF9D45FA9A769857 /* Copy Files */ = {
			isa = PBXCopyFilesBuildPhase;
			buildActionMask = 2147483647;
			files = (
				4A97EC11F9CD4F539DAEFA1E /* ShareExtension.appex in Copy Files */,
			);
			runOnlyForDeploymentPostprocessing = 0;
			name = "Copy Files";
			dstPath = "";
			dstSubfolderSpec = 13;
		};
/* End PBXCopyFilesBuildPhase section */
	};
	rootObject = 83CBB9F71A601CBA00E9B192 /* Project object */;
}
